// !$*UTF8*$!
{
	archiveVersion = 1;
	classes = {
	};
	objectVersion = 46;
	objects = {

/* Begin PBXBuildFile section */
		4A3F625874AC7177E8B50859 /* Pods_SwiftRemoteFileCacheIOSTests.framework in Frameworks */ = {isa = PBXBuildFile; fileRef = EA15BC6FAB098EC6D1732896 /* Pods_SwiftRemoteFileCacheIOSTests.framework */; };
		4B9089881F4A684C0039490F /* SwiftRemoteFileCacheIOS.framework in Frameworks */ = {isa = PBXBuildFile; fileRef = 4B90897F1F4A684C0039490F /* SwiftRemoteFileCacheIOS.framework */; };
		4B90898F1F4A684C0039490F /* SwiftRemoteFileCacheIOS.h in Headers */ = {isa = PBXBuildFile; fileRef = 4B9089811F4A684C0039490F /* SwiftRemoteFileCacheIOS.h */; settings = {ATTRIBUTES = (Public, ); }; };
		4B9089A41F4A685E0039490F /* SwiftRemoteFileCacheOSX.framework in Frameworks */ = {isa = PBXBuildFile; fileRef = 4B90899B1F4A685E0039490F /* SwiftRemoteFileCacheOSX.framework */; };
		4B9089AB1F4A685E0039490F /* SwiftRemoteFileCacheOSX.h in Headers */ = {isa = PBXBuildFile; fileRef = 4B90899D1F4A685E0039490F /* SwiftRemoteFileCacheOSX.h */; settings = {ATTRIBUTES = (Public, ); }; };
		4B9089B31F4A68EE0039490F /* RemoteFileDownloader.swift in Sources */ = {isa = PBXBuildFile; fileRef = 4B9089B21F4A68EE0039490F /* RemoteFileDownloader.swift */; };
		4B9089B41F4A68EE0039490F /* RemoteFileDownloader.swift in Sources */ = {isa = PBXBuildFile; fileRef = 4B9089B21F4A68EE0039490F /* RemoteFileDownloader.swift */; };
		4B9089B51F4A68EE0039490F /* RemoteFileDownloader.swift in Sources */ = {isa = PBXBuildFile; fileRef = 4B9089B21F4A68EE0039490F /* RemoteFileDownloader.swift */; };
		4B9089B61F4A68EE0039490F /* RemoteFileDownloader.swift in Sources */ = {isa = PBXBuildFile; fileRef = 4B9089B21F4A68EE0039490F /* RemoteFileDownloader.swift */; };
		4B9089BA1F4B02360039490F /* RemoteFileCacheManager.swift in Sources */ = {isa = PBXBuildFile; fileRef = 4B9089B91F4B02360039490F /* RemoteFileCacheManager.swift */; };
		4B9089BB1F4B02360039490F /* RemoteFileCacheManager.swift in Sources */ = {isa = PBXBuildFile; fileRef = 4B9089B91F4B02360039490F /* RemoteFileCacheManager.swift */; };
		4B9089BC1F4B02360039490F /* RemoteFileCacheManager.swift in Sources */ = {isa = PBXBuildFile; fileRef = 4B9089B91F4B02360039490F /* RemoteFileCacheManager.swift */; };
		4B9089BD1F4B02360039490F /* RemoteFileCacheManager.swift in Sources */ = {isa = PBXBuildFile; fileRef = 4B9089B91F4B02360039490F /* RemoteFileCacheManager.swift */; };
		4B9089BF1F4B02FF0039490F /* RemoteFilePriorityLevel.swift in Sources */ = {isa = PBXBuildFile; fileRef = 4B9089BE1F4B02FF0039490F /* RemoteFilePriorityLevel.swift */; };
		4B9089C01F4B02FF0039490F /* RemoteFilePriorityLevel.swift in Sources */ = {isa = PBXBuildFile; fileRef = 4B9089BE1F4B02FF0039490F /* RemoteFilePriorityLevel.swift */; };
		4B9089C11F4B02FF0039490F /* RemoteFilePriorityLevel.swift in Sources */ = {isa = PBXBuildFile; fileRef = 4B9089BE1F4B02FF0039490F /* RemoteFilePriorityLevel.swift */; };
		4B9089C21F4B02FF0039490F /* RemoteFilePriorityLevel.swift in Sources */ = {isa = PBXBuildFile; fileRef = 4B9089BE1F4B02FF0039490F /* RemoteFilePriorityLevel.swift */; };
		4B9089C91F4B9B8C0039490F /* RemoteFileCacheManagerTests.swift in Sources */ = {isa = PBXBuildFile; fileRef = 4B9089C81F4B9B8C0039490F /* RemoteFileCacheManagerTests.swift */; };
		4B9089CA1F4B9B8C0039490F /* RemoteFileCacheManagerTests.swift in Sources */ = {isa = PBXBuildFile; fileRef = 4B9089C81F4B9B8C0039490F /* RemoteFileCacheManagerTests.swift */; };
		4B9089CF1F4B9FD30039490F /* AlamofireMock.swift in Sources */ = {isa = PBXBuildFile; fileRef = 4B9089CE1F4B9FD30039490F /* AlamofireMock.swift */; };
		4B9089D01F4B9FD30039490F /* AlamofireMock.swift in Sources */ = {isa = PBXBuildFile; fileRef = 4B9089CE1F4B9FD30039490F /* AlamofireMock.swift */; };
		776A898ECB1A2C8EB83A8BD4 /* Pods_SwiftRemoteFileCacheIOS.framework in Frameworks */ = {isa = PBXBuildFile; fileRef = 3FC41FBD7E44722BEF7E5AF4 /* Pods_SwiftRemoteFileCacheIOS.framework */; };
		D32F1B5D601047AECD19BED1 /* Pods_SwiftRemoteFileCacheOSX.framework in Frameworks */ = {isa = PBXBuildFile; fileRef = 48E174EB8A9816ADB9B475E5 /* Pods_SwiftRemoteFileCacheOSX.framework */; };
		DEB5503574EC2300889658D1 /* Pods_SwiftRemoteFileCacheOSXTests.framework in Frameworks */ = {isa = PBXBuildFile; fileRef = 60DF2360782DA8A4F40235FB /* Pods_SwiftRemoteFileCacheOSXTests.framework */; };
/* End PBXBuildFile section */

/* Begin PBXContainerItemProxy section */
		4B9089891F4A684C0039490F /* PBXContainerItemProxy */ = {
			isa = PBXContainerItemProxy;
			containerPortal = 4B9089571F4A67D40039490F /* Project object */;
			proxyType = 1;
			remoteGlobalIDString = 4B90897E1F4A684C0039490F;
			remoteInfo = SwiftRemoteFileCacheIOS;
		};
		4B9089A51F4A685E0039490F /* PBXContainerItemProxy */ = {
			isa = PBXContainerItemProxy;
			containerPortal = 4B9089571F4A67D40039490F /* Project object */;
			proxyType = 1;
			remoteGlobalIDString = 4B90899A1F4A685E0039490F;
			remoteInfo = SwiftRemoteFileCacheOSX;
		};
/* End PBXContainerItemProxy section */

/* Begin PBXFileReference section */
		3FC41FBD7E44722BEF7E5AF4 /* Pods_SwiftRemoteFileCacheIOS.framework */ = {isa = PBXFileReference; explicitFileType = wrapper.framework; includeInIndex = 0; path = Pods_SwiftRemoteFileCacheIOS.framework; sourceTree = BUILT_PRODUCTS_DIR; };
		47ED816DC73B14D8E31CD026 /* Pods-SwiftRemoteFileCacheIOS.release.xcconfig */ = {isa = PBXFileReference; includeInIndex = 1; lastKnownFileType = text.xcconfig; name = "Pods-SwiftRemoteFileCacheIOS.release.xcconfig"; path = "Pods/Target Support Files/Pods-SwiftRemoteFileCacheIOS/Pods-SwiftRemoteFileCacheIOS.release.xcconfig"; sourceTree = "<group>"; };
		48E174EB8A9816ADB9B475E5 /* Pods_SwiftRemoteFileCacheOSX.framework */ = {isa = PBXFileReference; explicitFileType = wrapper.framework; includeInIndex = 0; path = Pods_SwiftRemoteFileCacheOSX.framework; sourceTree = BUILT_PRODUCTS_DIR; };
		4B90897F1F4A684C0039490F /* SwiftRemoteFileCacheIOS.framework */ = {isa = PBXFileReference; explicitFileType = wrapper.framework; includeInIndex = 0; path = SwiftRemoteFileCacheIOS.framework; sourceTree = BUILT_PRODUCTS_DIR; };
		4B9089811F4A684C0039490F /* SwiftRemoteFileCacheIOS.h */ = {isa = PBXFileReference; lastKnownFileType = sourcecode.c.h; path = SwiftRemoteFileCacheIOS.h; sourceTree = "<group>"; };
		4B9089821F4A684C0039490F /* Info.plist */ = {isa = PBXFileReference; lastKnownFileType = text.plist.xml; path = Info.plist; sourceTree = "<group>"; };
		4B9089871F4A684C0039490F /* SwiftRemoteFileCacheIOSTests.xctest */ = {isa = PBXFileReference; explicitFileType = wrapper.cfbundle; includeInIndex = 0; path = SwiftRemoteFileCacheIOSTests.xctest; sourceTree = BUILT_PRODUCTS_DIR; };
		4B90898E1F4A684C0039490F /* Info.plist */ = {isa = PBXFileReference; lastKnownFileType = text.plist.xml; path = Info.plist; sourceTree = "<group>"; };
		4B90899B1F4A685E0039490F /* SwiftRemoteFileCacheOSX.framework */ = {isa = PBXFileReference; explicitFileType = wrapper.framework; includeInIndex = 0; path = SwiftRemoteFileCacheOSX.framework; sourceTree = BUILT_PRODUCTS_DIR; };
		4B90899D1F4A685E0039490F /* SwiftRemoteFileCacheOSX.h */ = {isa = PBXFileReference; lastKnownFileType = sourcecode.c.h; path = SwiftRemoteFileCacheOSX.h; sourceTree = "<group>"; };
		4B90899E1F4A685E0039490F /* Info.plist */ = {isa = PBXFileReference; lastKnownFileType = text.plist.xml; path = Info.plist; sourceTree = "<group>"; };
		4B9089A31F4A685E0039490F /* SwiftRemoteFileCacheOSXTests.xctest */ = {isa = PBXFileReference; explicitFileType = wrapper.cfbundle; includeInIndex = 0; path = SwiftRemoteFileCacheOSXTests.xctest; sourceTree = BUILT_PRODUCTS_DIR; };
		4B9089AA1F4A685E0039490F /* Info.plist */ = {isa = PBXFileReference; lastKnownFileType = text.plist.xml; path = Info.plist; sourceTree = "<group>"; };
		4B9089B21F4A68EE0039490F /* RemoteFileDownloader.swift */ = {isa = PBXFileReference; fileEncoding = 4; lastKnownFileType = sourcecode.swift; name = RemoteFileDownloader.swift; path = ../Sources/RemoteFileDownloader.swift; sourceTree = "<group>"; };
		4B9089B91F4B02360039490F /* RemoteFileCacheManager.swift */ = {isa = PBXFileReference; fileEncoding = 4; lastKnownFileType = sourcecode.swift; name = RemoteFileCacheManager.swift; path = ../Sources/RemoteFileCacheManager.swift; sourceTree = "<group>"; };
		4B9089BE1F4B02FF0039490F /* RemoteFilePriorityLevel.swift */ = {isa = PBXFileReference; fileEncoding = 4; lastKnownFileType = sourcecode.swift; name = RemoteFilePriorityLevel.swift; path = ../Sources/RemoteFilePriorityLevel.swift; sourceTree = "<group>"; };
		4B9089C81F4B9B8C0039490F /* RemoteFileCacheManagerTests.swift */ = {isa = PBXFileReference; fileEncoding = 4; lastKnownFileType = sourcecode.swift; name = RemoteFileCacheManagerTests.swift; path = ../Tests/RemoteFileCacheManagerTests.swift; sourceTree = "<group>"; };
		4B9089CE1F4B9FD30039490F /* AlamofireMock.swift */ = {isa = PBXFileReference; fileEncoding = 4; lastKnownFileType = sourcecode.swift; name = AlamofireMock.swift; path = ../Tests/AlamofireMock.swift; sourceTree = "<group>"; };
		53B698039EC566093A01213F /* Pods-SwiftRemoteFileCacheIOSTests.release.xcconfig */ = {isa = PBXFileReference; includeInIndex = 1; lastKnownFileType = text.xcconfig; name = "Pods-SwiftRemoteFileCacheIOSTests.release.xcconfig"; path = "Pods/Target Support Files/Pods-SwiftRemoteFileCacheIOSTests/Pods-SwiftRemoteFileCacheIOSTests.release.xcconfig"; sourceTree = "<group>"; };
		579D3EF10AC511FA2957575A /* Pods-SwiftRemoteFileCacheOSXTests.release.xcconfig */ = {isa = PBXFileReference; includeInIndex = 1; lastKnownFileType = text.xcconfig; name = "Pods-SwiftRemoteFileCacheOSXTests.release.xcconfig"; path = "Pods/Target Support Files/Pods-SwiftRemoteFileCacheOSXTests/Pods-SwiftRemoteFileCacheOSXTests.release.xcconfig"; sourceTree = "<group>"; };
		60DF2360782DA8A4F40235FB /* Pods_SwiftRemoteFileCacheOSXTests.framework */ = {isa = PBXFileReference; explicitFileType = wrapper.framework; includeInIndex = 0; path = Pods_SwiftRemoteFileCacheOSXTests.framework; sourceTree = BUILT_PRODUCTS_DIR; };
		6A0A6A8B7F848BED69035C74 /* Pods-SwiftRemoteFileCacheIOSTests.debug.xcconfig */ = {isa = PBXFileReference; includeInIndex = 1; lastKnownFileType = text.xcconfig; name = "Pods-SwiftRemoteFileCacheIOSTests.debug.xcconfig"; path = "Pods/Target Support Files/Pods-SwiftRemoteFileCacheIOSTests/Pods-SwiftRemoteFileCacheIOSTests.debug.xcconfig"; sourceTree = "<group>"; };
		79716830B6C3DB4998324289 /* Pods-SwiftRemoteFileCacheOSX.debug.xcconfig */ = {isa = PBXFileReference; includeInIndex = 1; lastKnownFileType = text.xcconfig; name = "Pods-SwiftRemoteFileCacheOSX.debug.xcconfig"; path = "Pods/Target Support Files/Pods-SwiftRemoteFileCacheOSX/Pods-SwiftRemoteFileCacheOSX.debug.xcconfig"; sourceTree = "<group>"; };
		D03BEFCFE5BD8ADC6855C699 /* Pods-SwiftRemoteFileCacheIOS.debug.xcconfig */ = {isa = PBXFileReference; includeInIndex = 1; lastKnownFileType = text.xcconfig; name = "Pods-SwiftRemoteFileCacheIOS.debug.xcconfig"; path = "Pods/Target Support Files/Pods-SwiftRemoteFileCacheIOS/Pods-SwiftRemoteFileCacheIOS.debug.xcconfig"; sourceTree = "<group>"; };
		E8DF9472636BABE111F9E23C /* Pods-SwiftRemoteFileCacheOSX.release.xcconfig */ = {isa = PBXFileReference; includeInIndex = 1; lastKnownFileType = text.xcconfig; name = "Pods-SwiftRemoteFileCacheOSX.release.xcconfig"; path = "Pods/Target Support Files/Pods-SwiftRemoteFileCacheOSX/Pods-SwiftRemoteFileCacheOSX.release.xcconfig"; sourceTree = "<group>"; };
		EA15BC6FAB098EC6D1732896 /* Pods_SwiftRemoteFileCacheIOSTests.framework */ = {isa = PBXFileReference; explicitFileType = wrapper.framework; includeInIndex = 0; path = Pods_SwiftRemoteFileCacheIOSTests.framework; sourceTree = BUILT_PRODUCTS_DIR; };
		EC133A20354061C2644D9F7B /* Pods-SwiftRemoteFileCacheOSXTests.debug.xcconfig */ = {isa = PBXFileReference; includeInIndex = 1; lastKnownFileType = text.xcconfig; name = "Pods-SwiftRemoteFileCacheOSXTests.debug.xcconfig"; path = "Pods/Target Support Files/Pods-SwiftRemoteFileCacheOSXTests/Pods-SwiftRemoteFileCacheOSXTests.debug.xcconfig"; sourceTree = "<group>"; };
/* End PBXFileReference section */

/* Begin PBXFrameworksBuildPhase section */
		4B90897B1F4A684C0039490F /* Frameworks */ = {
			isa = PBXFrameworksBuildPhase;
			buildActionMask = 2147483647;
			files = (
				776A898ECB1A2C8EB83A8BD4 /* Pods_SwiftRemoteFileCacheIOS.framework in Frameworks */,
			);
			runOnlyForDeploymentPostprocessing = 0;
		};
		4B9089841F4A684C0039490F /* Frameworks */ = {
			isa = PBXFrameworksBuildPhase;
			buildActionMask = 2147483647;
			files = (
				4B9089881F4A684C0039490F /* SwiftRemoteFileCacheIOS.framework in Frameworks */,
				4A3F625874AC7177E8B50859 /* Pods_SwiftRemoteFileCacheIOSTests.framework in Frameworks */,
			);
			runOnlyForDeploymentPostprocessing = 0;
		};
		4B9089971F4A685E0039490F /* Frameworks */ = {
			isa = PBXFrameworksBuildPhase;
			buildActionMask = 2147483647;
			files = (
				D32F1B5D601047AECD19BED1 /* Pods_SwiftRemoteFileCacheOSX.framework in Frameworks */,
			);
			runOnlyForDeploymentPostprocessing = 0;
		};
		4B9089A01F4A685E0039490F /* Frameworks */ = {
			isa = PBXFrameworksBuildPhase;
			buildActionMask = 2147483647;
			files = (
				4B9089A41F4A685E0039490F /* SwiftRemoteFileCacheOSX.framework in Frameworks */,
				DEB5503574EC2300889658D1 /* Pods_SwiftRemoteFileCacheOSXTests.framework in Frameworks */,
			);
			runOnlyForDeploymentPostprocessing = 0;
		};
/* End PBXFrameworksBuildPhase section */

/* Begin PBXGroup section */
		1AE4FEEEA792DE1066C5F51C /* Pods */ = {
			isa = PBXGroup;
			children = (
				D03BEFCFE5BD8ADC6855C699 /* Pods-SwiftRemoteFileCacheIOS.debug.xcconfig */,
				47ED816DC73B14D8E31CD026 /* Pods-SwiftRemoteFileCacheIOS.release.xcconfig */,
				6A0A6A8B7F848BED69035C74 /* Pods-SwiftRemoteFileCacheIOSTests.debug.xcconfig */,
				53B698039EC566093A01213F /* Pods-SwiftRemoteFileCacheIOSTests.release.xcconfig */,
				79716830B6C3DB4998324289 /* Pods-SwiftRemoteFileCacheOSX.debug.xcconfig */,
				E8DF9472636BABE111F9E23C /* Pods-SwiftRemoteFileCacheOSX.release.xcconfig */,
				EC133A20354061C2644D9F7B /* Pods-SwiftRemoteFileCacheOSXTests.debug.xcconfig */,
				579D3EF10AC511FA2957575A /* Pods-SwiftRemoteFileCacheOSXTests.release.xcconfig */,
			);
			name = Pods;
			sourceTree = "<group>";
		};
		4B9089561F4A67D40039490F = {
			isa = PBXGroup;
			children = (
				4B9089B81F4A690E0039490F /* Tests */,
				4B9089B71F4A69080039490F /* Sources */,
				4B9089801F4A684C0039490F /* SwiftRemoteFileCacheIOS */,
				4B90898B1F4A684C0039490F /* SwiftRemoteFileCacheIOSTests */,
				4B90899C1F4A685E0039490F /* SwiftRemoteFileCacheOSX */,
				4B9089A71F4A685E0039490F /* SwiftRemoteFileCacheOSXTests */,
				4B9089611F4A67D40039490F /* Products */,
				1AE4FEEEA792DE1066C5F51C /* Pods */,
				DD94870954B16003E7AF30FA /* Frameworks */,
			);
			sourceTree = "<group>";
		};
		4B9089611F4A67D40039490F /* Products */ = {
			isa = PBXGroup;
			children = (
				4B90897F1F4A684C0039490F /* SwiftRemoteFileCacheIOS.framework */,
				4B9089871F4A684C0039490F /* SwiftRemoteFileCacheIOSTests.xctest */,
				4B90899B1F4A685E0039490F /* SwiftRemoteFileCacheOSX.framework */,
				4B9089A31F4A685E0039490F /* SwiftRemoteFileCacheOSXTests.xctest */,
			);
			name = Products;
			sourceTree = "<group>";
		};
		4B9089801F4A684C0039490F /* SwiftRemoteFileCacheIOS */ = {
			isa = PBXGroup;
			children = (
				4B9089811F4A684C0039490F /* SwiftRemoteFileCacheIOS.h */,
				4B9089821F4A684C0039490F /* Info.plist */,
			);
			path = SwiftRemoteFileCacheIOS;
			sourceTree = "<group>";
		};
		4B90898B1F4A684C0039490F /* SwiftRemoteFileCacheIOSTests */ = {
			isa = PBXGroup;
			children = (
				4B90898E1F4A684C0039490F /* Info.plist */,
			);
			path = SwiftRemoteFileCacheIOSTests;
			sourceTree = "<group>";
		};
		4B90899C1F4A685E0039490F /* SwiftRemoteFileCacheOSX */ = {
			isa = PBXGroup;
			children = (
				4B90899D1F4A685E0039490F /* SwiftRemoteFileCacheOSX.h */,
				4B90899E1F4A685E0039490F /* Info.plist */,
			);
			path = SwiftRemoteFileCacheOSX;
			sourceTree = "<group>";
		};
		4B9089A71F4A685E0039490F /* SwiftRemoteFileCacheOSXTests */ = {
			isa = PBXGroup;
			children = (
				4B9089AA1F4A685E0039490F /* Info.plist */,
			);
			path = SwiftRemoteFileCacheOSXTests;
			sourceTree = "<group>";
		};
		4B9089B71F4A69080039490F /* Sources */ = {
			isa = PBXGroup;
			children = (
				4B9089B21F4A68EE0039490F /* RemoteFileDownloader.swift */,
				4B9089B91F4B02360039490F /* RemoteFileCacheManager.swift */,
				4B9089BE1F4B02FF0039490F /* RemoteFilePriorityLevel.swift */,
			);
			name = Sources;
			sourceTree = "<group>";
		};
		4B9089B81F4A690E0039490F /* Tests */ = {
			isa = PBXGroup;
			children = (
				4B9089C81F4B9B8C0039490F /* RemoteFileCacheManagerTests.swift */,
				4B9089CE1F4B9FD30039490F /* AlamofireMock.swift */,
			);
			name = Tests;
			sourceTree = "<group>";
		};
		DD94870954B16003E7AF30FA /* Frameworks */ = {
			isa = PBXGroup;
			children = (
				3FC41FBD7E44722BEF7E5AF4 /* Pods_SwiftRemoteFileCacheIOS.framework */,
				EA15BC6FAB098EC6D1732896 /* Pods_SwiftRemoteFileCacheIOSTests.framework */,
				48E174EB8A9816ADB9B475E5 /* Pods_SwiftRemoteFileCacheOSX.framework */,
				60DF2360782DA8A4F40235FB /* Pods_SwiftRemoteFileCacheOSXTests.framework */,
			);
			name = Frameworks;
			sourceTree = "<group>";
		};
/* End PBXGroup section */

/* Begin PBXHeadersBuildPhase section */
		4B90897C1F4A684C0039490F /* Headers */ = {
			isa = PBXHeadersBuildPhase;
			buildActionMask = 2147483647;
			files = (
				4B90898F1F4A684C0039490F /* SwiftRemoteFileCacheIOS.h in Headers */,
			);
			runOnlyForDeploymentPostprocessing = 0;
		};
		4B9089981F4A685E0039490F /* Headers */ = {
			isa = PBXHeadersBuildPhase;
			buildActionMask = 2147483647;
			files = (
				4B9089AB1F4A685E0039490F /* SwiftRemoteFileCacheOSX.h in Headers */,
			);
			runOnlyForDeploymentPostprocessing = 0;
		};
/* End PBXHeadersBuildPhase section */

/* Begin PBXNativeTarget section */
		4B90897E1F4A684C0039490F /* SwiftRemoteFileCacheIOS */ = {
			isa = PBXNativeTarget;
			buildConfigurationList = 4B9089901F4A684C0039490F /* Build configuration list for PBXNativeTarget "SwiftRemoteFileCacheIOS" */;
			buildPhases = (
				92BD991327C812982DE61603 /* [CP] Check Pods Manifest.lock */,
				4B90897A1F4A684C0039490F /* Sources */,
				4B90897B1F4A684C0039490F /* Frameworks */,
				4B90897C1F4A684C0039490F /* Headers */,
				4B90897D1F4A684C0039490F /* Resources */,
			);
			buildRules = (
			);
			dependencies = (
			);
			name = SwiftRemoteFileCacheIOS;
			productName = SwiftRemoteFileCacheIOS;
			productReference = 4B90897F1F4A684C0039490F /* SwiftRemoteFileCacheIOS.framework */;
			productType = "com.apple.product-type.framework";
		};
		4B9089861F4A684C0039490F /* SwiftRemoteFileCacheIOSTests */ = {
			isa = PBXNativeTarget;
			buildConfigurationList = 4B9089931F4A684C0039490F /* Build configuration list for PBXNativeTarget "SwiftRemoteFileCacheIOSTests" */;
			buildPhases = (
				D34BEC012BE627D7D2A949C1 /* [CP] Check Pods Manifest.lock */,
				4B9089831F4A684C0039490F /* Sources */,
				4B9089841F4A684C0039490F /* Frameworks */,
				4B9089851F4A684C0039490F /* Resources */,
			);
			buildRules = (
			);
			dependencies = (
				4B90898A1F4A684C0039490F /* PBXTargetDependency */,
			);
			name = SwiftRemoteFileCacheIOSTests;
			productName = SwiftRemoteFileCacheIOSTests;
			productReference = 4B9089871F4A684C0039490F /* SwiftRemoteFileCacheIOSTests.xctest */;
			productType = "com.apple.product-type.bundle.unit-test";
		};
		4B90899A1F4A685E0039490F /* SwiftRemoteFileCacheOSX */ = {
			isa = PBXNativeTarget;
			buildConfigurationList = 4B9089AC1F4A685E0039490F /* Build configuration list for PBXNativeTarget "SwiftRemoteFileCacheOSX" */;
			buildPhases = (
				4F715B1BF6A861572CEC32AB /* [CP] Check Pods Manifest.lock */,
				4B9089961F4A685E0039490F /* Sources */,
				4B9089971F4A685E0039490F /* Frameworks */,
				4B9089981F4A685E0039490F /* Headers */,
				4B9089991F4A685E0039490F /* Resources */,
			);
			buildRules = (
			);
			dependencies = (
			);
			name = SwiftRemoteFileCacheOSX;
			productName = SwiftRemoteFileCacheOSX;
			productReference = 4B90899B1F4A685E0039490F /* SwiftRemoteFileCacheOSX.framework */;
			productType = "com.apple.product-type.framework";
		};
		4B9089A21F4A685E0039490F /* SwiftRemoteFileCacheOSXTests */ = {
			isa = PBXNativeTarget;
			buildConfigurationList = 4B9089AF1F4A685E0039490F /* Build configuration list for PBXNativeTarget "SwiftRemoteFileCacheOSXTests" */;
			buildPhases = (
				4A93352590E3EAC9025005A6 /* [CP] Check Pods Manifest.lock */,
				4B90899F1F4A685E0039490F /* Sources */,
				4B9089A01F4A685E0039490F /* Frameworks */,
				4B9089A11F4A685E0039490F /* Resources */,
			);
			buildRules = (
			);
			dependencies = (
				4B9089A61F4A685E0039490F /* PBXTargetDependency */,
			);
			name = SwiftRemoteFileCacheOSXTests;
			productName = SwiftRemoteFileCacheOSXTests;
			productReference = 4B9089A31F4A685E0039490F /* SwiftRemoteFileCacheOSXTests.xctest */;
			productType = "com.apple.product-type.bundle.unit-test";
		};
/* End PBXNativeTarget section */

/* Begin PBXProject section */
		4B9089571F4A67D40039490F /* Project object */ = {
			isa = PBXProject;
			attributes = {
				LastSwiftUpdateCheck = 0830;
				LastUpgradeCheck = 0830;
				ORGANIZATIONNAME = "Brian D Keane";
				TargetAttributes = {
					4B90897E1F4A684C0039490F = {
						CreatedOnToolsVersion = 8.3.3;
						LastSwiftMigration = 0830;
						ProvisioningStyle = Automatic;
					};
					4B9089861F4A684C0039490F = {
						CreatedOnToolsVersion = 8.3.3;
						DevelopmentTeam = FSRSPV9N9Q;
						ProvisioningStyle = Automatic;
					};
					4B90899A1F4A685E0039490F = {
						CreatedOnToolsVersion = 8.3.3;
						DevelopmentTeam = FSRSPV9N9Q;
						LastSwiftMigration = 1020;
						ProvisioningStyle = Automatic;
					};
					4B9089A21F4A685E0039490F = {
						CreatedOnToolsVersion = 8.3.3;
						DevelopmentTeam = FSRSPV9N9Q;
						LastSwiftMigration = 1020;
						ProvisioningStyle = Automatic;
					};
				};
			};
			buildConfigurationList = 4B90895A1F4A67D40039490F /* Build configuration list for PBXProject "SwiftRemoteFileCache" */;
			compatibilityVersion = "Xcode 3.2";
			developmentRegion = English;
			hasScannedForEncodings = 0;
			knownRegions = (
				English,
				en,
			);
			mainGroup = 4B9089561F4A67D40039490F;
			productRefGroup = 4B9089611F4A67D40039490F /* Products */;
			projectDirPath = "";
			projectRoot = "";
			targets = (
				4B90897E1F4A684C0039490F /* SwiftRemoteFileCacheIOS */,
				4B9089861F4A684C0039490F /* SwiftRemoteFileCacheIOSTests */,
				4B90899A1F4A685E0039490F /* SwiftRemoteFileCacheOSX */,
				4B9089A21F4A685E0039490F /* SwiftRemoteFileCacheOSXTests */,
			);
		};
/* End PBXProject section */

/* Begin PBXResourcesBuildPhase section */
		4B90897D1F4A684C0039490F /* Resources */ = {
			isa = PBXResourcesBuildPhase;
			buildActionMask = 2147483647;
			files = (
			);
			runOnlyForDeploymentPostprocessing = 0;
		};
		4B9089851F4A684C0039490F /* Resources */ = {
			isa = PBXResourcesBuildPhase;
			buildActionMask = 2147483647;
			files = (
			);
			runOnlyForDeploymentPostprocessing = 0;
		};
		4B9089991F4A685E0039490F /* Resources */ = {
			isa = PBXResourcesBuildPhase;
			buildActionMask = 2147483647;
			files = (
			);
			runOnlyForDeploymentPostprocessing = 0;
		};
		4B9089A11F4A685E0039490F /* Resources */ = {
			isa = PBXResourcesBuildPhase;
			buildActionMask = 2147483647;
			files = (
			);
			runOnlyForDeploymentPostprocessing = 0;
		};
/* End PBXResourcesBuildPhase section */

/* Begin PBXShellScriptBuildPhase section */
		4A93352590E3EAC9025005A6 /* [CP] Check Pods Manifest.lock */ = {
			isa = PBXShellScriptBuildPhase;
			buildActionMask = 2147483647;
			files = (
			);
			inputPaths = (
				"${PODS_PODFILE_DIR_PATH}/Podfile.lock",
				"${PODS_ROOT}/Manifest.lock",
			);
			name = "[CP] Check Pods Manifest.lock";
			outputPaths = (
				"$(DERIVED_FILE_DIR)/Pods-SwiftRemoteFileCacheOSXTests-checkManifestLockResult.txt",
			);
			runOnlyForDeploymentPostprocessing = 0;
			shellPath = /bin/sh;
			shellScript = "diff \"${PODS_PODFILE_DIR_PATH}/Podfile.lock\" \"${PODS_ROOT}/Manifest.lock\" > /dev/null\nif [ $? != 0 ] ; then\n    # print error to STDERR\n    echo \"error: The sandbox is not in sync with the Podfile.lock. Run 'pod install' or update your CocoaPods installation.\" >&2\n    exit 1\nfi\n# This output is used by Xcode 'outputs' to avoid re-running this script phase.\necho \"SUCCESS\" > \"${SCRIPT_OUTPUT_FILE_0}\"\n";
			showEnvVarsInLog = 0;
		};
		4F715B1BF6A861572CEC32AB /* [CP] Check Pods Manifest.lock */ = {
			isa = PBXShellScriptBuildPhase;
			buildActionMask = 2147483647;
			files = (
			);
			inputPaths = (
				"${PODS_PODFILE_DIR_PATH}/Podfile.lock",
				"${PODS_ROOT}/Manifest.lock",
			);
			name = "[CP] Check Pods Manifest.lock";
			outputPaths = (
				"$(DERIVED_FILE_DIR)/Pods-SwiftRemoteFileCacheOSX-checkManifestLockResult.txt",
			);
			runOnlyForDeploymentPostprocessing = 0;
			shellPath = /bin/sh;
			shellScript = "diff \"${PODS_PODFILE_DIR_PATH}/Podfile.lock\" \"${PODS_ROOT}/Manifest.lock\" > /dev/null\nif [ $? != 0 ] ; then\n    # print error to STDERR\n    echo \"error: The sandbox is not in sync with the Podfile.lock. Run 'pod install' or update your CocoaPods installation.\" >&2\n    exit 1\nfi\n# This output is used by Xcode 'outputs' to avoid re-running this script phase.\necho \"SUCCESS\" > \"${SCRIPT_OUTPUT_FILE_0}\"\n";
			showEnvVarsInLog = 0;
		};
		92BD991327C812982DE61603 /* [CP] Check Pods Manifest.lock */ = {
			isa = PBXShellScriptBuildPhase;
			buildActionMask = 2147483647;
			files = (
			);
			inputPaths = (
				"${PODS_PODFILE_DIR_PATH}/Podfile.lock",
				"${PODS_ROOT}/Manifest.lock",
			);
			name = "[CP] Check Pods Manifest.lock";
			outputPaths = (
				"$(DERIVED_FILE_DIR)/Pods-SwiftRemoteFileCacheIOS-checkManifestLockResult.txt",
			);
			runOnlyForDeploymentPostprocessing = 0;
			shellPath = /bin/sh;
			shellScript = "diff \"${PODS_PODFILE_DIR_PATH}/Podfile.lock\" \"${PODS_ROOT}/Manifest.lock\" > /dev/null\nif [ $? != 0 ] ; then\n    # print error to STDERR\n    echo \"error: The sandbox is not in sync with the Podfile.lock. Run 'pod install' or update your CocoaPods installation.\" >&2\n    exit 1\nfi\n# This output is used by Xcode 'outputs' to avoid re-running this script phase.\necho \"SUCCESS\" > \"${SCRIPT_OUTPUT_FILE_0}\"\n";
			showEnvVarsInLog = 0;
		};
		D34BEC012BE627D7D2A949C1 /* [CP] Check Pods Manifest.lock */ = {
			isa = PBXShellScriptBuildPhase;
			buildActionMask = 2147483647;
			files = (
			);
			inputPaths = (
				"${PODS_PODFILE_DIR_PATH}/Podfile.lock",
				"${PODS_ROOT}/Manifest.lock",
			);
			name = "[CP] Check Pods Manifest.lock";
			outputPaths = (
				"$(DERIVED_FILE_DIR)/Pods-SwiftRemoteFileCacheIOSTests-checkManifestLockResult.txt",
			);
			runOnlyForDeploymentPostprocessing = 0;
			shellPath = /bin/sh;
			shellScript = "diff \"${PODS_PODFILE_DIR_PATH}/Podfile.lock\" \"${PODS_ROOT}/Manifest.lock\" > /dev/null\nif [ $? != 0 ] ; then\n    # print error to STDERR\n    echo \"error: The sandbox is not in sync with the Podfile.lock. Run 'pod install' or update your CocoaPods installation.\" >&2\n    exit 1\nfi\n# This output is used by Xcode 'outputs' to avoid re-running this script phase.\necho \"SUCCESS\" > \"${SCRIPT_OUTPUT_FILE_0}\"\n";
			showEnvVarsInLog = 0;
		};
/* End PBXShellScriptBuildPhase section */

/* Begin PBXSourcesBuildPhase section */
		4B90897A1F4A684C0039490F /* Sources */ = {
			isa = PBXSourcesBuildPhase;
			buildActionMask = 2147483647;
			files = (
				4B9089BA1F4B02360039490F /* RemoteFileCacheManager.swift in Sources */,
				4B9089BF1F4B02FF0039490F /* RemoteFilePriorityLevel.swift in Sources */,
				4B9089B31F4A68EE0039490F /* RemoteFileDownloader.swift in Sources */,
			);
			runOnlyForDeploymentPostprocessing = 0;
		};
		4B9089831F4A684C0039490F /* Sources */ = {
			isa = PBXSourcesBuildPhase;
			buildActionMask = 2147483647;
			files = (
				4B9089CF1F4B9FD30039490F /* AlamofireMock.swift in Sources */,
				4B9089C91F4B9B8C0039490F /* RemoteFileCacheManagerTests.swift in Sources */,
				4B9089BB1F4B02360039490F /* RemoteFileCacheManager.swift in Sources */,
				4B9089C01F4B02FF0039490F /* RemoteFilePriorityLevel.swift in Sources */,
				4B9089B41F4A68EE0039490F /* RemoteFileDownloader.swift in Sources */,
			);
			runOnlyForDeploymentPostprocessing = 0;
		};
		4B9089961F4A685E0039490F /* Sources */ = {
			isa = PBXSourcesBuildPhase;
			buildActionMask = 2147483647;
			files = (
				4B9089BC1F4B02360039490F /* RemoteFileCacheManager.swift in Sources */,
				4B9089C11F4B02FF0039490F /* RemoteFilePriorityLevel.swift in Sources */,
				4B9089B51F4A68EE0039490F /* RemoteFileDownloader.swift in Sources */,
			);
			runOnlyForDeploymentPostprocessing = 0;
		};
		4B90899F1F4A685E0039490F /* Sources */ = {
			isa = PBXSourcesBuildPhase;
			buildActionMask = 2147483647;
			files = (
				4B9089D01F4B9FD30039490F /* AlamofireMock.swift in Sources */,
				4B9089CA1F4B9B8C0039490F /* RemoteFileCacheManagerTests.swift in Sources */,
				4B9089BD1F4B02360039490F /* RemoteFileCacheManager.swift in Sources */,
				4B9089C21F4B02FF0039490F /* RemoteFilePriorityLevel.swift in Sources */,
				4B9089B61F4A68EE0039490F /* RemoteFileDownloader.swift in Sources */,
			);
			runOnlyForDeploymentPostprocessing = 0;
		};
/* End PBXSourcesBuildPhase section */

/* Begin PBXTargetDependency section */
		4B90898A1F4A684C0039490F /* PBXTargetDependency */ = {
			isa = PBXTargetDependency;
			target = 4B90897E1F4A684C0039490F /* SwiftRemoteFileCacheIOS */;
			targetProxy = 4B9089891F4A684C0039490F /* PBXContainerItemProxy */;
		};
		4B9089A61F4A685E0039490F /* PBXTargetDependency */ = {
			isa = PBXTargetDependency;
			target = 4B90899A1F4A685E0039490F /* SwiftRemoteFileCacheOSX */;
			targetProxy = 4B9089A51F4A685E0039490F /* PBXContainerItemProxy */;
		};
/* End PBXTargetDependency section */

/* Begin XCBuildConfiguration section */
		4B9089721F4A67D40039490F /* Debug */ = {
			isa = XCBuildConfiguration;
			buildSettings = {
				ALWAYS_EMBED_SWIFT_STANDARD_LIBRARIES = "$(inherited)";
				ALWAYS_SEARCH_USER_PATHS = NO;
				CLANG_ANALYZER_NONNULL = YES;
				CLANG_ANALYZER_NUMBER_OBJECT_CONVERSION = YES_AGGRESSIVE;
				CLANG_CXX_LANGUAGE_STANDARD = "gnu++0x";
				CLANG_CXX_LIBRARY = "libc++";
				CLANG_ENABLE_MODULES = YES;
				CLANG_ENABLE_OBJC_ARC = YES;
				CLANG_WARN_BOOL_CONVERSION = YES;
				CLANG_WARN_CONSTANT_CONVERSION = YES;
				CLANG_WARN_DIRECT_OBJC_ISA_USAGE = YES_ERROR;
				CLANG_WARN_DOCUMENTATION_COMMENTS = YES;
				CLANG_WARN_EMPTY_BODY = YES;
				CLANG_WARN_ENUM_CONVERSION = YES;
				CLANG_WARN_INFINITE_RECURSION = YES;
				CLANG_WARN_INT_CONVERSION = YES;
				CLANG_WARN_OBJC_ROOT_CLASS = YES_ERROR;
				CLANG_WARN_SUSPICIOUS_MOVE = YES;
				CLANG_WARN_UNREACHABLE_CODE = YES;
				CLANG_WARN__DUPLICATE_METHOD_MATCH = YES;
				"CODE_SIGN_IDENTITY[sdk=iphoneos*]" = "iPhone Developer";
				COPY_PHASE_STRIP = NO;
				CURRENT_PROJECT_VERSION = 1;
				DEBUG_INFORMATION_FORMAT = dwarf;
				ENABLE_STRICT_OBJC_MSGSEND = YES;
				ENABLE_TESTABILITY = YES;
				GCC_C_LANGUAGE_STANDARD = gnu99;
				GCC_DYNAMIC_NO_PIC = NO;
				GCC_NO_COMMON_BLOCKS = YES;
				GCC_OPTIMIZATION_LEVEL = 0;
				GCC_PREPROCESSOR_DEFINITIONS = (
					"DEBUG=1",
					"$(inherited)",
				);
				GCC_WARN_64_TO_32_BIT_CONVERSION = YES;
				GCC_WARN_ABOUT_RETURN_TYPE = YES_ERROR;
				GCC_WARN_UNDECLARED_SELECTOR = YES;
				GCC_WARN_UNINITIALIZED_AUTOS = YES_AGGRESSIVE;
				GCC_WARN_UNUSED_FUNCTION = YES;
				GCC_WARN_UNUSED_VARIABLE = YES;
				IPHONEOS_DEPLOYMENT_TARGET = 10.3;
				MTL_ENABLE_DEBUG_INFO = YES;
				ONLY_ACTIVE_ARCH = YES;
				SDKROOT = iphoneos;
				SWIFT_ACTIVE_COMPILATION_CONDITIONS = DEBUG;
				SWIFT_OPTIMIZATION_LEVEL = "-Onone";
				TARGETED_DEVICE_FAMILY = "1,2";
				VERSIONING_SYSTEM = "apple-generic";
				VERSION_INFO_PREFIX = "";
			};
			name = Debug;
		};
		4B9089731F4A67D40039490F /* Release */ = {
			isa = XCBuildConfiguration;
			buildSettings = {
				ALWAYS_EMBED_SWIFT_STANDARD_LIBRARIES = "$(inherited)";
				ALWAYS_SEARCH_USER_PATHS = NO;
				CLANG_ANALYZER_NONNULL = YES;
				CLANG_ANALYZER_NUMBER_OBJECT_CONVERSION = YES_AGGRESSIVE;
				CLANG_CXX_LANGUAGE_STANDARD = "gnu++0x";
				CLANG_CXX_LIBRARY = "libc++";
				CLANG_ENABLE_MODULES = YES;
				CLANG_ENABLE_OBJC_ARC = YES;
				CLANG_WARN_BOOL_CONVERSION = YES;
				CLANG_WARN_CONSTANT_CONVERSION = YES;
				CLANG_WARN_DIRECT_OBJC_ISA_USAGE = YES_ERROR;
				CLANG_WARN_DOCUMENTATION_COMMENTS = YES;
				CLANG_WARN_EMPTY_BODY = YES;
				CLANG_WARN_ENUM_CONVERSION = YES;
				CLANG_WARN_INFINITE_RECURSION = YES;
				CLANG_WARN_INT_CONVERSION = YES;
				CLANG_WARN_OBJC_ROOT_CLASS = YES_ERROR;
				CLANG_WARN_SUSPICIOUS_MOVE = YES;
				CLANG_WARN_UNREACHABLE_CODE = YES;
				CLANG_WARN__DUPLICATE_METHOD_MATCH = YES;
				"CODE_SIGN_IDENTITY[sdk=iphoneos*]" = "iPhone Developer";
				COPY_PHASE_STRIP = NO;
				CURRENT_PROJECT_VERSION = 1;
				DEBUG_INFORMATION_FORMAT = "dwarf-with-dsym";
				ENABLE_NS_ASSERTIONS = NO;
				ENABLE_STRICT_OBJC_MSGSEND = YES;
				GCC_C_LANGUAGE_STANDARD = gnu99;
				GCC_NO_COMMON_BLOCKS = YES;
				GCC_WARN_64_TO_32_BIT_CONVERSION = YES;
				GCC_WARN_ABOUT_RETURN_TYPE = YES_ERROR;
				GCC_WARN_UNDECLARED_SELECTOR = YES;
				GCC_WARN_UNINITIALIZED_AUTOS = YES_AGGRESSIVE;
				GCC_WARN_UNUSED_FUNCTION = YES;
				GCC_WARN_UNUSED_VARIABLE = YES;
				IPHONEOS_DEPLOYMENT_TARGET = 10.3;
				MTL_ENABLE_DEBUG_INFO = NO;
				SDKROOT = iphoneos;
				SWIFT_OPTIMIZATION_LEVEL = "-Owholemodule";
				TARGETED_DEVICE_FAMILY = "1,2";
				VALIDATE_PRODUCT = YES;
				VERSIONING_SYSTEM = "apple-generic";
				VERSION_INFO_PREFIX = "";
			};
			name = Release;
		};
		4B9089911F4A684C0039490F /* Debug */ = {
			isa = XCBuildConfiguration;
			baseConfigurationReference = D03BEFCFE5BD8ADC6855C699 /* Pods-SwiftRemoteFileCacheIOS.debug.xcconfig */;
			buildSettings = {
				ALWAYS_EMBED_SWIFT_STANDARD_LIBRARIES = "$(inherited)";
				CLANG_ENABLE_MODULES = YES;
				CODE_SIGN_IDENTITY = "iPhone Developer";
				CODE_SIGN_STYLE = Automatic;
				DEFINES_MODULE = YES;
				DEVELOPMENT_TEAM = "";
				DYLIB_COMPATIBILITY_VERSION = 1;
				DYLIB_CURRENT_VERSION = 1;
				DYLIB_INSTALL_NAME_BASE = "@rpath";
				INFOPLIST_FILE = SwiftRemoteFileCacheIOS/Info.plist;
				INSTALL_PATH = "$(LOCAL_LIBRARY_DIR)/Frameworks";
				LD_RUNPATH_SEARCH_PATHS = "$(inherited) @executable_path/Frameworks @loader_path/Frameworks";
				PRODUCT_BUNDLE_IDENTIFIER = fm.playola.SwiftRemoteFileCacheIOS;
				PRODUCT_NAME = "$(TARGET_NAME)";
				PROVISIONING_PROFILE_SPECIFIER = "";
				SKIP_INSTALL = YES;
				SWIFT_OPTIMIZATION_LEVEL = "-Onone";
				SWIFT_VERSION = 5.0;
			};
			name = Debug;
		};
		4B9089921F4A684C0039490F /* Release */ = {
			isa = XCBuildConfiguration;
			baseConfigurationReference = 47ED816DC73B14D8E31CD026 /* Pods-SwiftRemoteFileCacheIOS.release.xcconfig */;
			buildSettings = {
				ALWAYS_EMBED_SWIFT_STANDARD_LIBRARIES = "$(inherited)";
				CLANG_ENABLE_MODULES = YES;
				CODE_SIGN_IDENTITY = "iPhone Developer";
				CODE_SIGN_STYLE = Automatic;
				DEFINES_MODULE = YES;
				DEVELOPMENT_TEAM = "";
				DYLIB_COMPATIBILITY_VERSION = 1;
				DYLIB_CURRENT_VERSION = 1;
				DYLIB_INSTALL_NAME_BASE = "@rpath";
				INFOPLIST_FILE = SwiftRemoteFileCacheIOS/Info.plist;
				INSTALL_PATH = "$(LOCAL_LIBRARY_DIR)/Frameworks";
				LD_RUNPATH_SEARCH_PATHS = "$(inherited) @executable_path/Frameworks @loader_path/Frameworks";
				PRODUCT_BUNDLE_IDENTIFIER = fm.playola.SwiftRemoteFileCacheIOS;
				PRODUCT_NAME = "$(TARGET_NAME)";
				PROVISIONING_PROFILE_SPECIFIER = "";
				SKIP_INSTALL = YES;
				SWIFT_VERSION = 5.0;
			};
			name = Release;
		};
		4B9089941F4A684C0039490F /* Debug */ = {
			isa = XCBuildConfiguration;
			baseConfigurationReference = 6A0A6A8B7F848BED69035C74 /* Pods-SwiftRemoteFileCacheIOSTests.debug.xcconfig */;
			buildSettings = {
				ALWAYS_EMBED_SWIFT_STANDARD_LIBRARIES = "$(inherited)";
				DEVELOPMENT_TEAM = FSRSPV9N9Q;
				INFOPLIST_FILE = SwiftRemoteFileCacheIOSTests/Info.plist;
				LD_RUNPATH_SEARCH_PATHS = "$(inherited) @executable_path/Frameworks @loader_path/Frameworks";
				PRODUCT_BUNDLE_IDENTIFIER = fm.playola.SwiftRemoteFileCacheIOSTests;
				PRODUCT_NAME = "$(TARGET_NAME)";
				SWIFT_VERSION = 5.0;
			};
			name = Debug;
		};
		4B9089951F4A684C0039490F /* Release */ = {
			isa = XCBuildConfiguration;
			baseConfigurationReference = 53B698039EC566093A01213F /* Pods-SwiftRemoteFileCacheIOSTests.release.xcconfig */;
			buildSettings = {
				ALWAYS_EMBED_SWIFT_STANDARD_LIBRARIES = "$(inherited)";
				DEVELOPMENT_TEAM = FSRSPV9N9Q;
				INFOPLIST_FILE = SwiftRemoteFileCacheIOSTests/Info.plist;
				LD_RUNPATH_SEARCH_PATHS = "$(inherited) @executable_path/Frameworks @loader_path/Frameworks";
				PRODUCT_BUNDLE_IDENTIFIER = fm.playola.SwiftRemoteFileCacheIOSTests;
				PRODUCT_NAME = "$(TARGET_NAME)";
				SWIFT_VERSION = 5.0;
			};
			name = Release;
		};
		4B9089AD1F4A685E0039490F /* Debug */ = {
			isa = XCBuildConfiguration;
			baseConfigurationReference = 79716830B6C3DB4998324289 /* Pods-SwiftRemoteFileCacheOSX.debug.xcconfig */;
			buildSettings = {
				CLANG_ENABLE_MODULES = YES;
				CODE_SIGN_IDENTITY = "-";
				COMBINE_HIDPI_IMAGES = YES;
				DEFINES_MODULE = YES;
				DEVELOPMENT_TEAM = FSRSPV9N9Q;
				DYLIB_COMPATIBILITY_VERSION = 1;
				DYLIB_CURRENT_VERSION = 1;
				DYLIB_INSTALL_NAME_BASE = "@rpath";
				FRAMEWORK_VERSION = A;
				INFOPLIST_FILE = SwiftRemoteFileCacheOSX/Info.plist;
				INSTALL_PATH = "$(LOCAL_LIBRARY_DIR)/Frameworks";
				LD_RUNPATH_SEARCH_PATHS = "$(inherited) @executable_path/../Frameworks @loader_path/Frameworks";
				MACOSX_DEPLOYMENT_TARGET = 10.12;
				PRODUCT_BUNDLE_IDENTIFIER = fm.playola.SwiftRemoteFileCacheOSX;
				PRODUCT_NAME = "$(TARGET_NAME)";
				SDKROOT = macosx;
				SKIP_INSTALL = YES;
				SWIFT_OPTIMIZATION_LEVEL = "-Onone";
				SWIFT_VERSION = 5.0;
			};
			name = Debug;
		};
		4B9089AE1F4A685E0039490F /* Release */ = {
			isa = XCBuildConfiguration;
			baseConfigurationReference = E8DF9472636BABE111F9E23C /* Pods-SwiftRemoteFileCacheOSX.release.xcconfig */;
			buildSettings = {
				CLANG_ENABLE_MODULES = YES;
				CODE_SIGN_IDENTITY = "-";
				COMBINE_HIDPI_IMAGES = YES;
				DEFINES_MODULE = YES;
				DEVELOPMENT_TEAM = FSRSPV9N9Q;
				DYLIB_COMPATIBILITY_VERSION = 1;
				DYLIB_CURRENT_VERSION = 1;
				DYLIB_INSTALL_NAME_BASE = "@rpath";
				FRAMEWORK_VERSION = A;
				INFOPLIST_FILE = SwiftRemoteFileCacheOSX/Info.plist;
				INSTALL_PATH = "$(LOCAL_LIBRARY_DIR)/Frameworks";
				LD_RUNPATH_SEARCH_PATHS = "$(inherited) @executable_path/../Frameworks @loader_path/Frameworks";
				MACOSX_DEPLOYMENT_TARGET = 10.12;
				PRODUCT_BUNDLE_IDENTIFIER = fm.playola.SwiftRemoteFileCacheOSX;
				PRODUCT_NAME = "$(TARGET_NAME)";
				SDKROOT = macosx;
				SKIP_INSTALL = YES;
				SWIFT_VERSION = 5.0;
			};
			name = Release;
		};
		4B9089B01F4A685E0039490F /* Debug */ = {
			isa = XCBuildConfiguration;
			baseConfigurationReference = EC133A20354061C2644D9F7B /* Pods-SwiftRemoteFileCacheOSXTests.debug.xcconfig */;
			buildSettings = {
				ALWAYS_EMBED_SWIFT_STANDARD_LIBRARIES = "$(inherited)";
				CODE_SIGN_IDENTITY = "-";
				COMBINE_HIDPI_IMAGES = YES;
				DEVELOPMENT_TEAM = FSRSPV9N9Q;
				INFOPLIST_FILE = SwiftRemoteFileCacheOSXTests/Info.plist;
				LD_RUNPATH_SEARCH_PATHS = "$(inherited) @executable_path/../Frameworks @loader_path/../Frameworks";
				MACOSX_DEPLOYMENT_TARGET = 10.12;
				PRODUCT_BUNDLE_IDENTIFIER = fm.playola.SwiftRemoteFileCacheOSXTests;
				PRODUCT_NAME = "$(TARGET_NAME)";
				SDKROOT = macosx;
				SWIFT_VERSION = 5.0;
			};
			name = Debug;
		};
		4B9089B11F4A685E0039490F /* Release */ = {
			isa = XCBuildConfiguration;
			baseConfigurationReference = 579D3EF10AC511FA2957575A /* Pods-SwiftRemoteFileCacheOSXTests.release.xcconfig */;
			buildSettings = {
				ALWAYS_EMBED_SWIFT_STANDARD_LIBRARIES = "$(inherited)";
				CODE_SIGN_IDENTITY = "-";
				COMBINE_HIDPI_IMAGES = YES;
				DEVELOPMENT_TEAM = FSRSPV9N9Q;
				INFOPLIST_FILE = SwiftRemoteFileCacheOSXTests/Info.plist;
				LD_RUNPATH_SEARCH_PATHS = "$(inherited) @executable_path/../Frameworks @loader_path/../Frameworks";
				MACOSX_DEPLOYMENT_TARGET = 10.12;
				PRODUCT_BUNDLE_IDENTIFIER = fm.playola.SwiftRemoteFileCacheOSXTests;
				PRODUCT_NAME = "$(TARGET_NAME)";
				SDKROOT = macosx;
				SWIFT_VERSION = 5.0;
			};
			name = Release;
		};
/* End XCBuildConfiguration section */

/* Begin XCConfigurationList section */
		4B90895A1F4A67D40039490F /* Build configuration list for PBXProject "SwiftRemoteFileCache" */ = {
			isa = XCConfigurationList;
			buildConfigurations = (
				4B9089721F4A67D40039490F /* Debug */,
				4B9089731F4A67D40039490F /* Release */,
			);
			defaultConfigurationIsVisible = 0;
			defaultConfigurationName = Release;
		};
		4B9089901F4A684C0039490F /* Build configuration list for PBXNativeTarget "SwiftRemoteFileCacheIOS" */ = {
			isa = XCConfigurationList;
			buildConfigurations = (
				4B9089911F4A684C0039490F /* Debug */,
				4B9089921F4A684C0039490F /* Release */,
			);
			defaultConfigurationIsVisible = 0;
			defaultConfigurationName = Release;
		};
		4B9089931F4A684C0039490F /* Build configuration list for PBXNativeTarget "SwiftRemoteFileCacheIOSTests" */ = {
			isa = XCConfigurationList;
			buildConfigurations = (
				4B9089941F4A684C0039490F /* Debug */,
				4B9089951F4A684C0039490F /* Release */,
			);
			defaultConfigurationIsVisible = 0;
			defaultConfigurationName = Release;
		};
		4B9089AC1F4A685E0039490F /* Build configuration list for PBXNativeTarget "SwiftRemoteFileCacheOSX" */ = {
			isa = XCConfigurationList;
			buildConfigurations = (
				4B9089AD1F4A685E0039490F /* Debug */,
				4B9089AE1F4A685E0039490F /* Release */,
			);
			defaultConfigurationIsVisible = 0;
			defaultConfigurationName = Release;
		};
		4B9089AF1F4A685E0039490F /* Build configuration list for PBXNativeTarget "SwiftRemoteFileCacheOSXTests" */ = {
			isa = XCConfigurationList;
			buildConfigurations = (
				4B9089B01F4A685E0039490F /* Debug */,
				4B9089B11F4A685E0039490F /* Release */,
			);
			defaultConfigurationIsVisible = 0;
			defaultConfigurationName = Release;
		};
/* End XCConfigurationList section */
	};
	rootObject = 4B9089571F4A67D40039490F /* Project object */;
}
